
Microsoft Visual Studio Solution File, Format Version 12.00
Project("{FAE04EC0-301F-11D3-BF4B-00C04F79EFBC}") = "SurveyPerson.Api", "SurveyPerson.Api\SurveyPerson.Api.csproj", "{24AFAA76-984C-4DB8-9FB7-F27296FAFEE6}"
EndProject
Project("{FAE04EC0-301F-11D3-BF4B-00C04F79EFBC}") = "SurveyPerson.Data.Dapper", "SurveyPerson.Data.Dapper\SurveyPerson.Data.Dapper.csproj", "{675F026E-C94C-4AA1-9468-82E48EBFCF46}"
EndProject
Project("{FAE04EC0-301F-11D3-BF4B-00C04F79EFBC}") = "SurveyPerson.Models", "SurveyPerson.Models\SurveyPerson.Models.csproj", "{831C95A6-0008-4B7F-94FF-9F06104D7B20}"
EndProject
Project("{FAE04EC0-301F-11D3-BF4B-00C04F79EFBC}") = "SurveyPerson.Services", "SurveyPerson.Services\SurveyPerson.Services.csproj", "{F018ACCF-40D1-49C1-91A4-B205BC113B93}"
EndProject
Global
	GlobalSection(SolutionConfigurationPlatforms) = preSolution
		Debug|Any CPU = Debug|Any CPU
		Release|Any CPU = Release|Any CPU
	EndGlobalSection
	GlobalSection(ProjectConfigurationPlatforms) = postSolution
		{24AFAA76-984C-4DB8-9FB7-F27296FAFEE6}.Debug|Any CPU.ActiveCfg = Debug|Any CPU
		{24AFAA76-984C-4DB8-9FB7-F27296FAFEE6}.Debug|Any CPU.Build.0 = Debug|Any CPU
		{24AFAA76-984C-4DB8-9FB7-F27296FAFEE6}.Release|Any CPU.ActiveCfg = Release|Any CPU
		{24AFAA76-984C-4DB8-9FB7-F27296FAFEE6}.Release|Any CPU.Build.0 = Release|Any CPU
		{675F026E-C94C-4AA1-9468-82E48EBFCF46}.Debug|Any CPU.ActiveCfg = Debug|Any CPU
		{675F026E-C94C-4AA1-9468-82E48EBFCF46}.Debug|Any CPU.Build.0 = Debug|Any CPU
		{675F026E-C94C-4AA1-9468-82E48EBFCF46}.Release|Any CPU.ActiveCfg = Release|Any CPU
		{675F026E-C94C-4AA1-9468-82E48EBFCF46}.Release|Any CPU.Build.0 = Release|Any CPU
		{831C95A6-0008-4B7F-94FF-9F06104D7B20}.Debug|Any CPU.ActiveCfg = Debug|Any CPU
		{831C95A6-0008-4B7F-94FF-9F06104D7B20}.Debug|Any CPU.Build.0 = Debug|Any CPU
		{831C95A6-0008-4B7F-94FF-9F06104D7B20}.Release|Any CPU.ActiveCfg = Release|Any CPU
		{831C95A6-0008-4B7F-94FF-9F06104D7B20}.Release|Any CPU.Build.0 = Release|Any CPU
		{F018ACCF-40D1-49C1-91A4-B205BC113B93}.Debug|Any CPU.ActiveCfg = Debug|Any CPU
		{F018ACCF-40D1-49C1-91A4-B205BC113B93}.Debug|Any CPU.Build.0 = Debug|Any CPU
		{F018ACCF-40D1-49C1-91A4-B205BC113B93}.Release|Any CPU.ActiveCfg = Release|Any CPU
		{F018ACCF-40D1-49C1-91A4-B205BC113B93}.Release|Any CPU.Build.0 = Release|Any CPU
	EndGlobalSection
EndGlobal
